
Microsoft Visual Studio Solution File, Format Version 12.00
# Visual Studio Version 16
VisualStudioVersion = 16.0.32602.291
MinimumVisualStudioVersion = 10.0.40219.1
Project("{FAE04EC0-301F-11D3-BF4B-00C04F79EFBC}") = "SignalRSample", "SignalRSample\SignalRSample.csproj", "{4429DDEE-11C3-4659-A277-421147E50673}"
EndProject
Global
	GlobalSection(SolutionConfigurationPlatforms) = preSolution
		Debug|Any CPU = Debug|Any CPU
		Release|Any CPU = Release|Any CPU
	EndGlobalSection
	GlobalSection(ProjectConfigurationPlatforms) = postSolution
		{4429DDEE-11C3-4659-A277-421147E50673}.Debug|Any CPU.ActiveCfg = Debug|Any CPU
		{4429DDEE-11C3-4659-A277-421147E50673}.Debug|Any CPU.Build.0 = Debug|Any CPU
		{4429DDEE-11C3-4659-A277-421147E50673}.Release|Any CPU.ActiveCfg = Release|Any CPU
		{4429DDEE-11C3-4659-A277-421147E50673}.Release|Any CPU.Build.0 = Release|Any CPU
	EndGlobalSection
	GlobalSection(SolutionProperties) = preSolution
		HideSolutionNode = FALSE
	EndGlobalSection
	GlobalSection(ExtensibilityGlobals) = postSolution
		SolutionGuid = {17CF9BC7-ACC9-47B5-9C2E-FEBAF00B4683}
	EndGlobalSection
EndGlobal
